
Microsoft Visual Studio Solution File, Format Version 12.00
# Visual Studio Version 17
VisualStudioVersion = 17.5.33530.505
MinimumVisualStudioVersion = 10.0.40219.1
Project("{FAE04EC0-301F-11D3-BF4B-00C04F79EFBC}") = "SharpInject", "SharpLoad\SharpInject.csproj", "{4D121D63-9175-4A2F-A9EA-EF446AEFED4C}"
EndProject
Global
	GlobalSection(SolutionConfigurationPlatforms) = preSolution
		Debug|Any CPU = Debug|Any CPU
		Debug|x64 = Debug|x64
		Release|Any CPU = Release|Any CPU
		Release|x64 = Release|x64
	EndGlobalSection
	GlobalSection(ProjectConfigurationPlatforms) = postSolution
		{4D121D63-9175-4A2F-A9EA-EF446AEFED4C}.Debug|Any CPU.ActiveCfg = Debug|Any CPU
		{4D121D63-9175-4A2F-A9EA-EF446AEFED4C}.Debug|Any CPU.Build.0 = Debug|Any CPU
		{4D121D63-9175-4A2F-A9EA-EF446AEFED4C}.Debug|x64.ActiveCfg = Debug|x64
		{4D121D63-9175-4A2F-A9EA-EF446AEFED4C}.Debug|x64.Build.0 = Debug|x64
		{4D121D63-9175-4A2F-A9EA-EF446AEFED4C}.Release|Any CPU.ActiveCfg = Release|Any CPU
		{4D121D63-9175-4A2F-A9EA-EF446AEFED4C}.Release|Any CPU.Build.0 = Release|Any CPU
		{4D121D63-9175-4A2F-A9EA-EF446AEFED4C}.Release|x64.ActiveCfg = Release|x64
		{4D121D63-9175-4A2F-A9EA-EF446AEFED4C}.Release|x64.Build.0 = Release|x64
	EndGlobalSection
	GlobalSection(SolutionProperties) = preSolution
		HideSolutionNode = FALSE
	EndGlobalSection
	GlobalSection(ExtensibilityGlobals) = postSolution
		SolutionGuid = {36CE4263-A296-4406-A34C-B6CF01E6ABBB}
	EndGlobalSection
EndGlobal
